// !$*UTF8*$!
{
	archiveVersion = 1;
	classes = {
	};
	objectVersion = 55;
	objects = {

/* Begin PBXBuildFile section */
		21B4892B28EC1BA0007B39F0 /* AppDelegate.swift in Sources */ = {isa = PBXBuildFile; fileRef = 21B4892A28EC1BA0007B39F0 /* AppDelegate.swift */; };
		21B4892D28EC1BA0007B39F0 /* SceneDelegate.swift in Sources */ = {isa = PBXBuildFile; fileRef = 21B4892C28EC1BA0007B39F0 /* SceneDelegate.swift */; };
		21B4892F28EC1BA0007B39F0 /* NewsHomeViewController.swift in Sources */ = {isa = PBXBuildFile; fileRef = 21B4892E28EC1BA0007B39F0 /* NewsHomeViewController.swift */; };
		21B4893428EC1BA4007B39F0 /* Assets.xcassets in Resources */ = {isa = PBXBuildFile; fileRef = 21B4893328EC1BA4007B39F0 /* Assets.xcassets */; };
		21B4893728EC1BA4007B39F0 /* LaunchScreen.storyboard in Resources */ = {isa = PBXBuildFile; fileRef = 21B4893528EC1BA4007B39F0 /* LaunchScreen.storyboard */; };
		21B4894228EC1BA4007B39F0 /* NewsArticleViewModelTests.swift in Sources */ = {isa = PBXBuildFile; fileRef = 21B4894128EC1BA4007B39F0 /* NewsArticleViewModelTests.swift */; };
		21B4894C28EC1BA4007B39F0 /* NewsAppUITests.swift in Sources */ = {isa = PBXBuildFile; fileRef = 21B4894B28EC1BA4007B39F0 /* NewsAppUITests.swift */; };
		21B4894E28EC1BA4007B39F0 /* NewsAppUITestsLaunchTests.swift in Sources */ = {isa = PBXBuildFile; fileRef = 21B4894D28EC1BA4007B39F0 /* NewsAppUITestsLaunchTests.swift */; };
		21B4895C28EC1E6B007B39F0 /* APIKey.swift in Sources */ = {isa = PBXBuildFile; fileRef = 21B4895B28EC1E6B007B39F0 /* APIKey.swift */; };
		21B4895F28EC1F02007B39F0 /* NewsModel.swift in Sources */ = {isa = PBXBuildFile; fileRef = 21B4895E28EC1F02007B39F0 /* NewsModel.swift */; };
		21B4896528EC2B8C007B39F0 /* NewsArticleViewModel.swift in Sources */ = {isa = PBXBuildFile; fileRef = 21B4896428EC2B8C007B39F0 /* NewsArticleViewModel.swift */; };
		21B4896728EC2C56007B39F0 /* NewsListViewModel.swift in Sources */ = {isa = PBXBuildFile; fileRef = 21B4896628EC2C56007B39F0 /* NewsListViewModel.swift */; };
		21CCF59428EC329700FDA7BB /* NewsTableViewCell.swift in Sources */ = {isa = PBXBuildFile; fileRef = 21CCF59328EC329700FDA7BB /* NewsTableViewCell.swift */; };
		21CCF59628EC687C00FDA7BB /* Coordinator.swift in Sources */ = {isa = PBXBuildFile; fileRef = 21CCF59528EC687C00FDA7BB /* Coordinator.swift */; };
		21CCF59828EC695900FDA7BB /* AppCoordinator.swift in Sources */ = {isa = PBXBuildFile; fileRef = 21CCF59728EC695900FDA7BB /* AppCoordinator.swift */; };
		21CCF59A28EC720300FDA7BB /* NewsDetailViewController.swift in Sources */ = {isa = PBXBuildFile; fileRef = 21CCF59928EC720300FDA7BB /* NewsDetailViewController.swift */; };
		21CCF59C28EC86B400FDA7BB /* APIHandler.swift in Sources */ = {isa = PBXBuildFile; fileRef = 21CCF59B28EC86B400FDA7BB /* APIHandler.swift */; };
		21CCF59E28EC86D200FDA7BB /* RequestHandler+Extension.swift in Sources */ = {isa = PBXBuildFile; fileRef = 21CCF59D28EC86D200FDA7BB /* RequestHandler+Extension.swift */; };
		21CCF5A028EC86E500FDA7BB /* ResponseHandler+Extension.swift in Sources */ = {isa = PBXBuildFile; fileRef = 21CCF59F28EC86E500FDA7BB /* ResponseHandler+Extension.swift */; };
		21CCF5A228EC86FF00FDA7BB /* APILoader.swift in Sources */ = {isa = PBXBuildFile; fileRef = 21CCF5A128EC86FF00FDA7BB /* APILoader.swift */; };
		21CCF5A428EC9E6300FDA7BB /* NewsAPI.swift in Sources */ = {isa = PBXBuildFile; fileRef = 21CCF5A328EC9E6300FDA7BB /* NewsAPI.swift */; };
		21CCF5A628ECA48C00FDA7BB /* NetworkManager.swift in Sources */ = {isa = PBXBuildFile; fileRef = 21CCF5A528ECA48C00FDA7BB /* NetworkManager.swift */; };
/* End PBXBuildFile section */

/* Begin PBXContainerItemProxy section */
		21B4893E28EC1BA4007B39F0 /* PBXContainerItemProxy */ = {
			isa = PBXContainerItemProxy;
			containerPortal = 21B4891F28EC1BA0007B39F0 /* Project object */;
			proxyType = 1;
			remoteGlobalIDString = 21B4892628EC1BA0007B39F0;
			remoteInfo = NewsApp;
		};
		21B4894828EC1BA4007B39F0 /* PBXContainerItemProxy */ = {
			isa = PBXContainerItemProxy;
			containerPortal = 21B4891F28EC1BA0007B39F0 /* Project object */;
			proxyType = 1;
			remoteGlobalIDString = 21B4892628EC1BA0007B39F0;
			remoteInfo = NewsApp;
		};
/* End PBXContainerItemProxy section */

/* Begin PBXFileReference section */
		21B4892728EC1BA0007B39F0 /* NewsApp.app */ = {isa = PBXFileReference; explicitFileType = wrapper.application; includeInIndex = 0; path = NewsApp.app; sourceTree = BUILT_PRODUCTS_DIR; };
		21B4892A28EC1BA0007B39F0 /* AppDelegate.swift */ = {isa = PBXFileReference; lastKnownFileType = sourcecode.swift; path = AppDelegate.swift; sourceTree = "<group>"; };
		21B4892C28EC1BA0007B39F0 /* SceneDelegate.swift */ = {isa = PBXFileReference; lastKnownFileType = sourcecode.swift; path = SceneDelegate.swift; sourceTree = "<group>"; };
		21B4892E28EC1BA0007B39F0 /* NewsHomeViewController.swift */ = {isa = PBXFileReference; lastKnownFileType = sourcecode.swift; path = NewsHomeViewController.swift; sourceTree = "<group>"; };
		21B4893328EC1BA4007B39F0 /* Assets.xcassets */ = {isa = PBXFileReference; lastKnownFileType = folder.assetcatalog; path = Assets.xcassets; sourceTree = "<group>"; };
		21B4893628EC1BA4007B39F0 /* Base */ = {isa = PBXFileReference; lastKnownFileType = file.storyboard; name = Base; path = Base.lproj/LaunchScreen.storyboard; sourceTree = "<group>"; };
		21B4893828EC1BA4007B39F0 /* Info.plist */ = {isa = PBXFileReference; lastKnownFileType = text.plist.xml; path = Info.plist; sourceTree = "<group>"; };
		21B4893D28EC1BA4007B39F0 /* NewsAppTests.xctest */ = {isa = PBXFileReference; explicitFileType = wrapper.cfbundle; includeInIndex = 0; path = NewsAppTests.xctest; sourceTree = BUILT_PRODUCTS_DIR; };
		21B4894128EC1BA4007B39F0 /* NewsArticleViewModelTests.swift */ = {isa = PBXFileReference; lastKnownFileType = sourcecode.swift; path = NewsArticleViewModelTests.swift; sourceTree = "<group>"; };
		21B4894728EC1BA4007B39F0 /* NewsAppUITests.xctest */ = {isa = PBXFileReference; explicitFileType = wrapper.cfbundle; includeInIndex = 0; path = NewsAppUITests.xctest; sourceTree = BUILT_PRODUCTS_DIR; };
		21B4894B28EC1BA4007B39F0 /* NewsAppUITests.swift */ = {isa = PBXFileReference; lastKnownFileType = sourcecode.swift; path = NewsAppUITests.swift; sourceTree = "<group>"; };
		21B4894D28EC1BA4007B39F0 /* NewsAppUITestsLaunchTests.swift */ = {isa = PBXFileReference; lastKnownFileType = sourcecode.swift; path = NewsAppUITestsLaunchTests.swift; sourceTree = "<group>"; };
		21B4895B28EC1E6B007B39F0 /* APIKey.swift */ = {isa = PBXFileReference; lastKnownFileType = sourcecode.swift; path = APIKey.swift; sourceTree = "<group>"; };
		21B4895E28EC1F02007B39F0 /* NewsModel.swift */ = {isa = PBXFileReference; lastKnownFileType = sourcecode.swift; path = NewsModel.swift; sourceTree = "<group>"; };
		21B4896428EC2B8C007B39F0 /* NewsArticleViewModel.swift */ = {isa = PBXFileReference; lastKnownFileType = sourcecode.swift; path = NewsArticleViewModel.swift; sourceTree = "<group>"; };
		21B4896628EC2C56007B39F0 /* NewsListViewModel.swift */ = {isa = PBXFileReference; lastKnownFileType = sourcecode.swift; path = NewsListViewModel.swift; sourceTree = "<group>"; };
		21CCF59328EC329700FDA7BB /* NewsTableViewCell.swift */ = {isa = PBXFileReference; lastKnownFileType = sourcecode.swift; path = NewsTableViewCell.swift; sourceTree = "<group>"; };
		21CCF59528EC687C00FDA7BB /* Coordinator.swift */ = {isa = PBXFileReference; lastKnownFileType = sourcecode.swift; path = Coordinator.swift; sourceTree = "<group>"; };
		21CCF59728EC695900FDA7BB /* AppCoordinator.swift */ = {isa = PBXFileReference; lastKnownFileType = sourcecode.swift; path = AppCoordinator.swift; sourceTree = "<group>"; };
		21CCF59928EC720300FDA7BB /* NewsDetailViewController.swift */ = {isa = PBXFileReference; lastKnownFileType = sourcecode.swift; path = NewsDetailViewController.swift; sourceTree = "<group>"; };
		21CCF59B28EC86B400FDA7BB /* APIHandler.swift */ = {isa = PBXFileReference; lastKnownFileType = sourcecode.swift; path = APIHandler.swift; sourceTree = "<group>"; };
		21CCF59D28EC86D200FDA7BB /* RequestHandler+Extension.swift */ = {isa = PBXFileReference; lastKnownFileType = sourcecode.swift; path = "RequestHandler+Extension.swift"; sourceTree = "<group>"; };
		21CCF59F28EC86E500FDA7BB /* ResponseHandler+Extension.swift */ = {isa = PBXFileReference; lastKnownFileType = sourcecode.swift; path = "ResponseHandler+Extension.swift"; sourceTree = "<group>"; };
		21CCF5A128EC86FF00FDA7BB /* APILoader.swift */ = {isa = PBXFileReference; lastKnownFileType = sourcecode.swift; path = APILoader.swift; sourceTree = "<group>"; };
		21CCF5A328EC9E6300FDA7BB /* NewsAPI.swift */ = {isa = PBXFileReference; lastKnownFileType = sourcecode.swift; path = NewsAPI.swift; sourceTree = "<group>"; };
		21CCF5A528ECA48C00FDA7BB /* NetworkManager.swift */ = {isa = PBXFileReference; fileEncoding = 4; lastKnownFileType = sourcecode.swift; path = NetworkManager.swift; sourceTree = "<group>"; };
/* End PBXFileReference section */

/* Begin PBXFrameworksBuildPhase section */
		21B4892428EC1BA0007B39F0 /* Frameworks */ = {
			isa = PBXFrameworksBuildPhase;
			buildActionMask = 2147483647;
			files = (
			);
			runOnlyForDeploymentPostprocessing = 0;
		};
		21B4893A28EC1BA4007B39F0 /* Frameworks */ = {
			isa = PBXFrameworksBuildPhase;
			buildActionMask = 2147483647;
			files = (
			);
			runOnlyForDeploymentPostprocessing = 0;
		};
		21B4894428EC1BA4007B39F0 /* Frameworks */ = {
			isa = PBXFrameworksBuildPhase;
			buildActionMask = 2147483647;
			files = (
			);
			runOnlyForDeploymentPostprocessing = 0;
		};
/* End PBXFrameworksBuildPhase section */

/* Begin PBXGroup section */
		21B4891E28EC1BA0007B39F0 = {
			isa = PBXGroup;
			children = (
				21B4892928EC1BA0007B39F0 /* NewsApp */,
				21B4894028EC1BA4007B39F0 /* NewsAppTests */,
				21B4894A28EC1BA4007B39F0 /* NewsAppUITests */,
				21B4892828EC1BA0007B39F0 /* Products */,
			);
			sourceTree = "<group>";
		};
		21B4892828EC1BA0007B39F0 /* Products */ = {
			isa = PBXGroup;
			children = (
				21B4892728EC1BA0007B39F0 /* NewsApp.app */,
				21B4893D28EC1BA4007B39F0 /* NewsAppTests.xctest */,
				21B4894728EC1BA4007B39F0 /* NewsAppUITests.xctest */,
			);
			name = Products;
			sourceTree = "<group>";
		};
		21B4892928EC1BA0007B39F0 /* NewsApp */ = {
			isa = PBXGroup;
			children = (
				21CCF59228EC325800FDA7BB /* Views */,
				21B4896328EC2994007B39F0 /* ViewModels */,
				21B4896028EC2188007B39F0 /* NetworkServices */,
				21B4895D28EC1EED007B39F0 /* Models */,
				21B4895A28EC1E51007B39F0 /* Config */,
				21B4892A28EC1BA0007B39F0 /* AppDelegate.swift */,
				21B4892C28EC1BA0007B39F0 /* SceneDelegate.swift */,
				21B4893328EC1BA4007B39F0 /* Assets.xcassets */,
				21B4893528EC1BA4007B39F0 /* LaunchScreen.storyboard */,
				21B4893828EC1BA4007B39F0 /* Info.plist */,
				21CCF59528EC687C00FDA7BB /* Coordinator.swift */,
				21CCF59728EC695900FDA7BB /* AppCoordinator.swift */,
			);
			path = NewsApp;
			sourceTree = "<group>";
		};
		21B4894028EC1BA4007B39F0 /* NewsAppTests */ = {
			isa = PBXGroup;
			children = (
				21B4894128EC1BA4007B39F0 /* NewsArticleViewModelTests.swift */,
			);
			path = NewsAppTests;
			sourceTree = "<group>";
		};
		21B4894A28EC1BA4007B39F0 /* NewsAppUITests */ = {
			isa = PBXGroup;
			children = (
				21B4894B28EC1BA4007B39F0 /* NewsAppUITests.swift */,
				21B4894D28EC1BA4007B39F0 /* NewsAppUITestsLaunchTests.swift */,
			);
			path = NewsAppUITests;
			sourceTree = "<group>";
		};
		21B4895A28EC1E51007B39F0 /* Config */ = {
			isa = PBXGroup;
			children = (
				21B4895B28EC1E6B007B39F0 /* APIKey.swift */,
			);
			path = Config;
			sourceTree = "<group>";
		};
		21B4895D28EC1EED007B39F0 /* Models */ = {
			isa = PBXGroup;
			children = (
				21B4895E28EC1F02007B39F0 /* NewsModel.swift */,
			);
			path = Models;
			sourceTree = "<group>";
		};
		21B4896028EC2188007B39F0 /* NetworkServices */ = {
			isa = PBXGroup;
			children = (
				21CCF5A528ECA48C00FDA7BB /* NetworkManager.swift */,
				21CCF59B28EC86B400FDA7BB /* APIHandler.swift */,
				21CCF59D28EC86D200FDA7BB /* RequestHandler+Extension.swift */,
				21CCF59F28EC86E500FDA7BB /* ResponseHandler+Extension.swift */,
				21CCF5A128EC86FF00FDA7BB /* APILoader.swift */,
			);
			path = NetworkServices;
			sourceTree = "<group>";
		};
		21B4896328EC2994007B39F0 /* ViewModels */ = {
			isa = PBXGroup;
			children = (
				21B4896428EC2B8C007B39F0 /* NewsArticleViewModel.swift */,
				21B4896628EC2C56007B39F0 /* NewsListViewModel.swift */,
				21CCF5A328EC9E6300FDA7BB /* NewsAPI.swift */,
			);
			path = ViewModels;
			sourceTree = "<group>";
		};
		21CCF59228EC325800FDA7BB /* Views */ = {
			isa = PBXGroup;
			children = (
				21CCF59928EC720300FDA7BB /* NewsDetailViewController.swift */,
				21B4892E28EC1BA0007B39F0 /* NewsHomeViewController.swift */,
				21CCF59328EC329700FDA7BB /* NewsTableViewCell.swift */,
			);
			path = Views;
			sourceTree = "<group>";
		};
/* End PBXGroup section */

/* Begin PBXNativeTarget section */
		21B4892628EC1BA0007B39F0 /* NewsApp */ = {
			isa = PBXNativeTarget;
			buildConfigurationList = 21B4895128EC1BA4007B39F0 /* Build configuration list for PBXNativeTarget "NewsApp" */;
			buildPhases = (
				21B4892328EC1BA0007B39F0 /* Sources */,
				21B4892428EC1BA0007B39F0 /* Frameworks */,
				21B4892528EC1BA0007B39F0 /* Resources */,
			);
			buildRules = (
			);
			dependencies = (
			);
			name = NewsApp;
			productName = NewsApp;
			productReference = 21B4892728EC1BA0007B39F0 /* NewsApp.app */;
			productType = "com.apple.product-type.application";
		};
		21B4893C28EC1BA4007B39F0 /* NewsAppTests */ = {
			isa = PBXNativeTarget;
			buildConfigurationList = 21B4895428EC1BA4007B39F0 /* Build configuration list for PBXNativeTarget "NewsAppTests" */;
			buildPhases = (
				21B4893928EC1BA4007B39F0 /* Sources */,
				21B4893A28EC1BA4007B39F0 /* Frameworks */,
				21B4893B28EC1BA4007B39F0 /* Resources */,
			);
			buildRules = (
			);
			dependencies = (
				21B4893F28EC1BA4007B39F0 /* PBXTargetDependency */,
			);
			name = NewsAppTests;
			productName = NewsAppTests;
			productReference = 21B4893D28EC1BA4007B39F0 /* NewsAppTests.xctest */;
			productType = "com.apple.product-type.bundle.unit-test";
		};
		21B4894628EC1BA4007B39F0 /* NewsAppUITests */ = {
			isa = PBXNativeTarget;
			buildConfigurationList = 21B4895728EC1BA4007B39F0 /* Build configuration list for PBXNativeTarget "NewsAppUITests" */;
			buildPhases = (
				21B4894328EC1BA4007B39F0 /* Sources */,
				21B4894428EC1BA4007B39F0 /* Frameworks */,
				21B4894528EC1BA4007B39F0 /* Resources */,
			);
			buildRules = (
			);
			dependencies = (
				21B4894928EC1BA4007B39F0 /* PBXTargetDependency */,
			);
			name = NewsAppUITests;
			productName = NewsAppUITests;
			productReference = 21B4894728EC1BA4007B39F0 /* NewsAppUITests.xctest */;
			productType = "com.apple.product-type.bundle.ui-testing";
		};
/* End PBXNativeTarget section */

/* Begin PBXProject section */
		21B4891F28EC1BA0007B39F0 /* Project object */ = {
			isa = PBXProject;
			attributes = {
				BuildIndependentTargetsInParallel = 1;
				LastSwiftUpdateCheck = 1330;
				LastUpgradeCheck = 1330;
				TargetAttributes = {
					21B4892628EC1BA0007B39F0 = {
						CreatedOnToolsVersion = 13.3;
					};
					21B4893C28EC1BA4007B39F0 = {
						CreatedOnToolsVersion = 13.3;
						TestTargetID = 21B4892628EC1BA0007B39F0;
					};
					21B4894628EC1BA4007B39F0 = {
						CreatedOnToolsVersion = 13.3;
						TestTargetID = 21B4892628EC1BA0007B39F0;
					};
				};
			};
			buildConfigurationList = 21B4892228EC1BA0007B39F0 /* Build configuration list for PBXProject "NewsApp" */;
			compatibilityVersion = "Xcode 13.0";
			developmentRegion = en;
			hasScannedForEncodings = 0;
			knownRegions = (
				en,
				Base,
			);
			mainGroup = 21B4891E28EC1BA0007B39F0;
			productRefGroup = 21B4892828EC1BA0007B39F0 /* Products */;
			projectDirPath = "";
			projectRoot = "";
			targets = (
				21B4892628EC1BA0007B39F0 /* NewsApp */,
				21B4893C28EC1BA4007B39F0 /* NewsAppTests */,
				21B4894628EC1BA4007B39F0 /* NewsAppUITests */,
			);
		};
/* End PBXProject section */

/* Begin PBXResourcesBuildPhase section */
		21B4892528EC1BA0007B39F0 /* Resources */ = {
			isa = PBXResourcesBuildPhase;
			buildActionMask = 2147483647;
			files = (
				21B4893728EC1BA4007B39F0 /* LaunchScreen.storyboard in Resources */,
				21B4893428EC1BA4007B39F0 /* Assets.xcassets in Resources */,
			);
			runOnlyForDeploymentPostprocessing = 0;
		};
		21B4893B28EC1BA4007B39F0 /* Resources */ = {
			isa = PBXResourcesBuildPhase;
			buildActionMask = 2147483647;
			files = (
			);
			runOnlyForDeploymentPostprocessing = 0;
		};
		21B4894528EC1BA4007B39F0 /* Resources */ = {
			isa = PBXResourcesBuildPhase;
			buildActionMask = 2147483647;
			files = (
			);
			runOnlyForDeploymentPostprocessing = 0;
		};
/* End PBXResourcesBuildPhase section */

/* Begin PBXSourcesBuildPhase section */
		21B4892328EC1BA0007B39F0 /* Sources */ = {
			isa = PBXSourcesBuildPhase;
			buildActionMask = 2147483647;
			files = (
				21CCF59E28EC86D200FDA7BB /* RequestHandler+Extension.swift in Sources */,
				21CCF59C28EC86B400FDA7BB /* APIHandler.swift in Sources */,
				21CCF59A28EC720300FDA7BB /* NewsDetailViewController.swift in Sources */,
				21CCF5A028EC86E500FDA7BB /* ResponseHandler+Extension.swift in Sources */,
				21CCF59828EC695900FDA7BB /* AppCoordinator.swift in Sources */,
				21B4896528EC2B8C007B39F0 /* NewsArticleViewModel.swift in Sources */,
				21CCF5A428EC9E6300FDA7BB /* NewsAPI.swift in Sources */,
				21CCF59628EC687C00FDA7BB /* Coordinator.swift in Sources */,
				21B4892F28EC1BA0007B39F0 /* NewsHomeViewController.swift in Sources */,
				21B4892B28EC1BA0007B39F0 /* AppDelegate.swift in Sources */,
				21CCF5A628ECA48C00FDA7BB /* NetworkManager.swift in Sources */,
				21B4895C28EC1E6B007B39F0 /* APIKey.swift in Sources */,
				21CCF5A228EC86FF00FDA7BB /* APILoader.swift in Sources */,
				21B4892D28EC1BA0007B39F0 /* SceneDelegate.swift in Sources */,
				21B4895F28EC1F02007B39F0 /* NewsModel.swift in Sources */,
				21B4896728EC2C56007B39F0 /* NewsListViewModel.swift in Sources */,
				21CCF59428EC329700FDA7BB /* NewsTableViewCell.swift in Sources */,
			);
			runOnlyForDeploymentPostprocessing = 0;
		};
		21B4893928EC1BA4007B39F0 /* Sources */ = {
			isa = PBXSourcesBuildPhase;
			buildActionMask = 2147483647;
			files = (
				21B4894228EC1BA4007B39F0 /* NewsArticleViewModelTests.swift in Sources */,
			);
			runOnlyForDeploymentPostprocessing = 0;
		};
		21B4894328EC1BA4007B39F0 /* Sources */ = {
			isa = PBXSourcesBuildPhase;
			buildActionMask = 2147483647;
			files = (
				21B4894C28EC1BA4007B39F0 /* NewsAppUITests.swift in Sources */,
				21B4894E28EC1BA4007B39F0 /* NewsAppUITestsLaunchTests.swift in Sources */,
			);
			runOnlyForDeploymentPostprocessing = 0;
		};
/* End PBXSourcesBuildPhase section */

/* Begin PBXTargetDependency section */
		21B4893F28EC1BA4007B39F0 /* PBXTargetDependency */ = {
			isa = PBXTargetDependency;
			target = 21B4892628EC1BA0007B39F0 /* NewsApp */;
			targetProxy = 21B4893E28EC1BA4007B39F0 /* PBXContainerItemProxy */;
		};
		21B4894928EC1BA4007B39F0 /* PBXTargetDependency */ = {
			isa = PBXTargetDependency;
			target = 21B4892628EC1BA0007B39F0 /* NewsApp */;
			targetProxy = 21B4894828EC1BA4007B39F0 /* PBXContainerItemProxy */;
		};
/* End PBXTargetDependency section */

/* Begin PBXVariantGroup section */
		21B4893528EC1BA4007B39F0 /* LaunchScreen.storyboard */ = {
			isa = PBXVariantGroup;
			children = (
				21B4893628EC1BA4007B39F0 /* Base */,
			);
			name = LaunchScreen.storyboard;
			sourceTree = "<group>";
		};
/* End PBXVariantGroup section */

/* Begin XCBuildConfiguration section */
		21B4894F28EC1BA4007B39F0 /* Debug */ = {
			isa = XCBuildConfiguration;
			buildSettings = {
				ALWAYS_SEARCH_USER_PATHS = NO;
				CLANG_ANALYZER_NONNULL = YES;
				CLANG_ANALYZER_NUMBER_OBJECT_CONVERSION = YES_AGGRESSIVE;
				CLANG_CXX_LANGUAGE_STANDARD = "gnu++17";
				CLANG_ENABLE_MODULES = YES;
				CLANG_ENABLE_OBJC_ARC = YES;
				CLANG_ENABLE_OBJC_WEAK = YES;
				CLANG_WARN_BLOCK_CAPTURE_AUTORELEASING = YES;
				CLANG_WARN_BOOL_CONVERSION = YES;
				CLANG_WARN_COMMA = YES;
				CLANG_WARN_CONSTANT_CONVERSION = YES;
				CLANG_WARN_DEPRECATED_OBJC_IMPLEMENTATIONS = YES;
				CLANG_WARN_DIRECT_OBJC_ISA_USAGE = YES_ERROR;
				CLANG_WARN_DOCUMENTATION_COMMENTS = YES;
				CLANG_WARN_EMPTY_BODY = YES;
				CLANG_WARN_ENUM_CONVERSION = YES;
				CLANG_WARN_INFINITE_RECURSION = YES;
				CLANG_WARN_INT_CONVERSION = YES;
				CLANG_WARN_NON_LITERAL_NULL_CONVERSION = YES;
				CLANG_WARN_OBJC_IMPLICIT_RETAIN_SELF = YES;
				CLANG_WARN_OBJC_LITERAL_CONVERSION = YES;
				CLANG_WARN_OBJC_ROOT_CLASS = YES_ERROR;
				CLANG_WARN_QUOTED_INCLUDE_IN_FRAMEWORK_HEADER = YES;
				CLANG_WARN_RANGE_LOOP_ANALYSIS = YES;
				CLANG_WARN_STRICT_PROTOTYPES = YES;
				CLANG_WARN_SUSPICIOUS_MOVE = YES;
				CLANG_WARN_UNGUARDED_AVAILABILITY = YES_AGGRESSIVE;
				CLANG_WARN_UNREACHABLE_CODE = YES;
				CLANG_WARN__DUPLICATE_METHOD_MATCH = YES;
				COPY_PHASE_STRIP = NO;
				DEBUG_INFORMATION_FORMAT = dwarf;
				ENABLE_STRICT_OBJC_MSGSEND = YES;
				ENABLE_TESTABILITY = YES;
				GCC_C_LANGUAGE_STANDARD = gnu11;
				GCC_DYNAMIC_NO_PIC = NO;
				GCC_NO_COMMON_BLOCKS = YES;
				GCC_OPTIMIZATION_LEVEL = 0;
				GCC_PREPROCESSOR_DEFINITIONS = (
					"DEBUG=1",
					"$(inherited)",
				);
				GCC_WARN_64_TO_32_BIT_CONVERSION = YES;
				GCC_WARN_ABOUT_RETURN_TYPE = YES_ERROR;
				GCC_WARN_UNDECLARED_SELECTOR = YES;
				GCC_WARN_UNINITIALIZED_AUTOS = YES_AGGRESSIVE;
				GCC_WARN_UNUSED_FUNCTION = YES;
				GCC_WARN_UNUSED_VARIABLE = YES;
				IPHONEOS_DEPLOYMENT_TARGET = 15.4;
				MTL_ENABLE_DEBUG_INFO = INCLUDE_SOURCE;
				MTL_FAST_MATH = YES;
				ONLY_ACTIVE_ARCH = YES;
				SDKROOT = iphoneos;
				SWIFT_ACTIVE_COMPILATION_CONDITIONS = DEBUG;
				SWIFT_OPTIMIZATION_LEVEL = "-Onone";
			};
			name = Debug;
		};
		21B4895028EC1BA4007B39F0 /* Release */ = {
			isa = XCBuildConfiguration;
			buildSettings = {
				ALWAYS_SEARCH_USER_PATHS = NO;
				CLANG_ANALYZER_NONNULL = YES;
				CLANG_ANALYZER_NUMBER_OBJECT_CONVERSION = YES_AGGRESSIVE;
				CLANG_CXX_LANGUAGE_STANDARD = "gnu++17";
				CLANG_ENABLE_MODULES = YES;
				CLANG_ENABLE_OBJC_ARC = YES;
				CLANG_ENABLE_OBJC_WEAK = YES;
				CLANG_WARN_BLOCK_CAPTURE_AUTORELEASING = YES;
				CLANG_WARN_BOOL_CONVERSION = YES;
				CLANG_WARN_COMMA = YES;
				CLANG_WARN_CONSTANT_CONVERSION = YES;
				CLANG_WARN_DEPRECATED_OBJC_IMPLEMENTATIONS = YES;
				CLANG_WARN_DIRECT_OBJC_ISA_USAGE = YES_ERROR;
				CLANG_WARN_DOCUMENTATION_COMMENTS = YES;
				CLANG_WARN_EMPTY_BODY = YES;
				CLANG_WARN_ENUM_CONVERSION = YES;
				CLANG_WARN_INFINITE_RECURSION = YES;
				CLANG_WARN_INT_CONVERSION = YES;
				CLANG_WARN_NON_LITERAL_NULL_CONVERSION = YES;
				CLANG_WARN_OBJC_IMPLICIT_RETAIN_SELF = YES;
				CLANG_WARN_OBJC_LITERAL_CONVERSION = YES;
				CLANG_WARN_OBJC_ROOT_CLASS = YES_ERROR;
				CLANG_WARN_QUOTED_INCLUDE_IN_FRAMEWORK_HEADER = YES;
				CLANG_WARN_RANGE_LOOP_ANALYSIS = YES;
				CLANG_WARN_STRICT_PROTOTYPES = YES;
				CLANG_WARN_SUSPICIOUS_MOVE = YES;
				CLANG_WARN_UNGUARDED_AVAILABILITY = YES_AGGRESSIVE;
				CLANG_WARN_UNREACHABLE_CODE = YES;
				CLANG_WARN__DUPLICATE_METHOD_MATCH = YES;
				COPY_PHASE_STRIP = NO;
				DEBUG_INFORMATION_FORMAT = "dwarf-with-dsym";
				ENABLE_NS_ASSERTIONS = NO;
				ENABLE_STRICT_OBJC_MSGSEND = YES;
				GCC_C_LANGUAGE_STANDARD = gnu11;
				GCC_NO_COMMON_BLOCKS = YES;
				GCC_WARN_64_TO_32_BIT_CONVERSION = YES;
				GCC_WARN_ABOUT_RETURN_TYPE = YES_ERROR;
				GCC_WARN_UNDECLARED_SELECTOR = YES;
				GCC_WARN_UNINITIALIZED_AUTOS = YES_AGGRESSIVE;
				GCC_WARN_UNUSED_FUNCTION = YES;
				GCC_WARN_UNUSED_VARIABLE = YES;
				IPHONEOS_DEPLOYMENT_TARGET = 15.4;
				MTL_ENABLE_DEBUG_INFO = NO;
				MTL_FAST_MATH = YES;
				SDKROOT = iphoneos;
				SWIFT_COMPILATION_MODE = wholemodule;
				SWIFT_OPTIMIZATION_LEVEL = "-O";
				VALIDATE_PRODUCT = YES;
			};
			name = Release;
		};
		21B4895228EC1BA4007B39F0 /* Debug */ = {
			isa = XCBuildConfiguration;
			buildSettings = {
				ASSETCATALOG_COMPILER_APPICON_NAME = AppIcon;
				ASSETCATALOG_COMPILER_GLOBAL_ACCENT_COLOR_NAME = AccentColor;
				CODE_SIGN_STYLE = Automatic;
				CURRENT_PROJECT_VERSION = 1;
				DEVELOPMENT_TEAM = 7SAD77QU2G;
				GENERATE_INFOPLIST_FILE = YES;
				INFOPLIST_FILE = NewsApp/Info.plist;
				INFOPLIST_KEY_UIApplicationSupportsIndirectInputEvents = YES;
				INFOPLIST_KEY_UILaunchStoryboardName = LaunchScreen;
				INFOPLIST_KEY_UISupportedInterfaceOrientations_iPad = "UIInterfaceOrientationPortrait UIInterfaceOrientationPortraitUpsideDown UIInterfaceOrientationLandscapeLeft UIInterfaceOrientationLandscapeRight";
				INFOPLIST_KEY_UISupportedInterfaceOrientations_iPhone = "UIInterfaceOrientationPortrait UIInterfaceOrientationLandscapeLeft UIInterfaceOrientationLandscapeRight";
				LD_RUNPATH_SEARCH_PATHS = (
					"$(inherited)",
					"@executable_path/Frameworks",
				);
				MARKETING_VERSION = 1.0;
				PRODUCT_BUNDLE_IDENTIFIER = lovish.NewsApp;
				PRODUCT_NAME = "$(TARGET_NAME)";
				SWIFT_EMIT_LOC_STRINGS = YES;
				SWIFT_VERSION = 5.0;
				TARGETED_DEVICE_FAMILY = "1,2";
			};
			name = Debug;
		};
		21B4895328EC1BA4007B39F0 /* Release */ = {
			isa = XCBuildConfiguration;
			buildSettings = {
				ASSETCATALOG_COMPILER_APPICON_NAME = AppIcon;
				ASSETCATALOG_COMPILER_GLOBAL_ACCENT_COLOR_NAME = AccentColor;
				CODE_SIGN_STYLE = Automatic;
				CURRENT_PROJECT_VERSION = 1;
				DEVELOPMENT_TEAM = 7SAD77QU2G;
				GENERATE_INFOPLIST_FILE = YES;
				INFOPLIST_FILE = NewsApp/Info.plist;
				INFOPLIST_KEY_UIApplicationSupportsIndirectInputEvents = YES;
				INFOPLIST_KEY_UILaunchStoryboardName = LaunchScreen;
				INFOPLIST_KEY_UISupportedInterfaceOrientations_iPad = "UIInterfaceOrientationPortrait UIInterfaceOrientationPortraitUpsideDown UIInterfaceOrientationLandscapeLeft UIInterfaceOrientationLandscapeRight";
				INFOPLIST_KEY_UISupportedInterfaceOrientations_iPhone = "UIInterfaceOrientationPortrait UIInterfaceOrientationLandscapeLeft UIInterfaceOrientationLandscapeRight";
				LD_RUNPATH_SEARCH_PATHS = (
					"$(inherited)",
					"@executable_path/Frameworks",
				);
				MARKETING_VERSION = 1.0;
				PRODUCT_BUNDLE_IDENTIFIER = lovish.NewsApp;
				PRODUCT_NAME = "$(TARGET_NAME)";
				SWIFT_EMIT_LOC_STRINGS = YES;
				SWIFT_VERSION = 5.0;
				TARGETED_DEVICE_FAMILY = "1,2";
			};
			name = Release;
		};
		21B4895528EC1BA4007B39F0 /* Debug */ = {
			isa = XCBuildConfiguration;
			buildSettings = {
				ALWAYS_EMBED_SWIFT_STANDARD_LIBRARIES = YES;
				BUNDLE_LOADER = "$(TEST_HOST)";
				CODE_SIGN_STYLE = Automatic;
				CURRENT_PROJECT_VERSION = 1;
				DEVELOPMENT_TEAM = 7SAD77QU2G;
				GENERATE_INFOPLIST_FILE = YES;
				IPHONEOS_DEPLOYMENT_TARGET = 15.4;
				MARKETING_VERSION = 1.0;
				PRODUCT_BUNDLE_IDENTIFIER = lovish.NewsAppTests;
				PRODUCT_NAME = "$(TARGET_NAME)";
				SWIFT_EMIT_LOC_STRINGS = NO;
				SWIFT_VERSION = 5.0;
				TARGETED_DEVICE_FAMILY = "1,2";
				TEST_HOST = "$(BUILT_PRODUCTS_DIR)/NewsApp.app/NewsApp";
			};
			name = Debug;
		};
		21B4895628EC1BA4007B39F0 /* Release */ = {
			isa = XCBuildConfiguration;
			buildSettings = {
				ALWAYS_EMBED_SWIFT_STANDARD_LIBRARIES = YES;
				BUNDLE_LOADER = "$(TEST_HOST)";
				CODE_SIGN_STYLE = Automatic;
				CURRENT_PROJECT_VERSION = 1;
				DEVELOPMENT_TEAM = 7SAD77QU2G;
				GENERATE_INFOPLIST_FILE = YES;
				IPHONEOS_DEPLOYMENT_TARGET = 15.4;
				MARKETING_VERSION = 1.0;
				PRODUCT_BUNDLE_IDENTIFIER = lovish.NewsAppTests;
				PRODUCT_NAME = "$(TARGET_NAME)";
				SWIFT_EMIT_LOC_STRINGS = NO;
				SWIFT_VERSION = 5.0;
				TARGETED_DEVICE_FAMILY = "1,2";
				TEST_HOST = "$(BUILT_PRODUCTS_DIR)/NewsApp.app/NewsApp";
			};
			name = Release;
		};
		21B4895828EC1BA4007B39F0 /* Debug */ = {
			isa = XCBuildConfiguration;
			buildSettings = {
				ALWAYS_EMBED_SWIFT_STANDARD_LIBRARIES = YES;
				CODE_SIGN_STYLE = Automatic;
				CURRENT_PROJECT_VERSION = 1;
				DEVELOPMENT_TEAM = 7SAD77QU2G;
				GENERATE_INFOPLIST_FILE = YES;
				MARKETING_VERSION = 1.0;
				PRODUCT_BUNDLE_IDENTIFIER = lovish.NewsAppUITests;
				PRODUCT_NAME = "$(TARGET_NAME)";
				SWIFT_EMIT_LOC_STRINGS = NO;
				SWIFT_VERSION = 5.0;
				TARGETED_DEVICE_FAMILY = "1,2";
				TEST_TARGET_NAME = NewsApp;
			};
			name = Debug;
		};
		21B4895928EC1BA4007B39F0 /* Release */ = {
			isa = XCBuildConfiguration;
			buildSettings = {
				ALWAYS_EMBED_SWIFT_STANDARD_LIBRARIES = YES;
				CODE_SIGN_STYLE = Automatic;
				CURRENT_PROJECT_VERSION = 1;
				DEVELOPMENT_TEAM = 7SAD77QU2G;
				GENERATE_INFOPLIST_FILE = YES;
				MARKETING_VERSION = 1.0;
				PRODUCT_BUNDLE_IDENTIFIER = lovish.NewsAppUITests;
				PRODUCT_NAME = "$(TARGET_NAME)";
				SWIFT_EMIT_LOC_STRINGS = NO;
				SWIFT_VERSION = 5.0;
				TARGETED_DEVICE_FAMILY = "1,2";
				TEST_TARGET_NAME = NewsApp;
			};
			name = Release;
		};
/* End XCBuildConfiguration section */

/* Begin XCConfigurationList section */
		21B4892228EC1BA0007B39F0 /* Build configuration list for PBXProject "NewsApp" */ = {
			isa = XCConfigurationList;
			buildConfigurations = (
				21B4894F28EC1BA4007B39F0 /* Debug */,
				21B4895028EC1BA4007B39F0 /* Release */,
			);
			defaultConfigurationIsVisible = 0;
			defaultConfigurationName = Release;
		};
		21B4895128EC1BA4007B39F0 /* Build configuration list for PBXNativeTarget "NewsApp" */ = {
			isa = XCConfigurationList;
			buildConfigurations = (
				21B4895228EC1BA4007B39F0 /* Debug */,
				21B4895328EC1BA4007B39F0 /* Release */,
			);
			defaultConfigurationIsVisible = 0;
			defaultConfigurationName = Release;
		};
		21B4895428EC1BA4007B39F0 /* Build configuration list for PBXNativeTarget "NewsAppTests" */ = {
			isa = XCConfigurationList;
			buildConfigurations = (
				21B4895528EC1BA4007B39F0 /* Debug */,
				21B4895628EC1BA4007B39F0 /* Release */,
			);
			defaultConfigurationIsVisible = 0;
			defaultConfigurationName = Release;
		};
		21B4895728EC1BA4007B39F0 /* Build configuration list for PBXNativeTarget "NewsAppUITests" */ = {
			isa = XCConfigurationList;
			buildConfigurations = (
				21B4895828EC1BA4007B39F0 /* Debug */,
				21B4895928EC1BA4007B39F0 /* Release */,
			);
			defaultConfigurationIsVisible = 0;
			defaultConfigurationName = Release;
		};
/* End XCConfigurationList section */
	};
	rootObject = 21B4891F28EC1BA0007B39F0 /* Project object */;
}
